
Microsoft Visual Studio Solution File, Format Version 12.00
# Visual Studio Version 17
VisualStudioVersion = 17.13.35818.85 d17.13
MinimumVisualStudioVersion = 10.0.40219.1
Project("{FAE04EC0-301F-11D3-BF4B-00C04F79EFBC}") = "AiNavigator.Mobile", "AiNavigator.Mobile.csproj", "{562DDC2F-2E99-4B0E-A98C-A93C2EC8D53C}"
EndProject
Project("{FAE04EC0-301F-11D3-BF4B-00C04F79EFBC}") = "AiNavigator.Api", "..\AiNavigator.Api\AiNavigator.Api.csproj", "{8456B3F4-E9F0-4A18-B087-A9C1AA3C43E2}"
EndProject
Global
	GlobalSection(SolutionConfigurationPlatforms) = preSolution
		Debug|Any CPU = Debug|Any CPU
		Release|Any CPU = Release|Any CPU
	EndGlobalSection
	GlobalSection(ProjectConfigurationPlatforms) = postSolution
		{562DDC2F-2E99-4B0E-A98C-A93C2EC8D53C}.Debug|Any CPU.ActiveCfg = Debug|Any CPU
		{562DDC2F-2E99-4B0E-A98C-A93C2EC8D53C}.Debug|Any CPU.Build.0 = Debug|Any CPU
		{562DDC2F-2E99-4B0E-A98C-A93C2EC8D53C}.Debug|Any CPU.Deploy.0 = Debug|Any CPU
		{562DDC2F-2E99-4B0E-A98C-A93C2EC8D53C}.Release|Any CPU.ActiveCfg = Release|Any CPU
		{562DDC2F-2E99-4B0E-A98C-A93C2EC8D53C}.Release|Any CPU.Build.0 = Release|Any CPU
		{562DDC2F-2E99-4B0E-A98C-A93C2EC8D53C}.Release|Any CPU.Deploy.0 = Release|Any CPU
		{8456B3F4-E9F0-4A18-B087-A9C1AA3C43E2}.Debug|Any CPU.ActiveCfg = Debug|Any CPU
		{8456B3F4-E9F0-4A18-B087-A9C1AA3C43E2}.Debug|Any CPU.Build.0 = Debug|Any CPU
		{8456B3F4-E9F0-4A18-B087-A9C1AA3C43E2}.Release|Any CPU.ActiveCfg = Release|Any CPU
		{8456B3F4-E9F0-4A18-B087-A9C1AA3C43E2}.Release|Any CPU.Build.0 = Release|Any CPU
	EndGlobalSection
	GlobalSection(SolutionProperties) = preSolution
		HideSolutionNode = FALSE
	EndGlobalSection
	GlobalSection(ExtensibilityGlobals) = postSolution
		SolutionGuid = {34368833-9DFF-4C5B-B105-CFA76B56654F}
	EndGlobalSection
EndGlobal
